
Microsoft Visual Studio Solution File, Format Version 12.00
# Visual Studio Version 17
VisualStudioVersion = 17.0.31903.59
MinimumVisualStudioVersion = 10.0.40219.1
Project("{2150E333-8FDC-42A3-9474-1A3956D46DE8}") = "src", "src", "{827E0CD3-B72D-47B6-A68D-7590B98EB39B}"
EndProject
Project("{2150E333-8FDC-42A3-9474-1A3956D46DE8}") = "WebApi", "WebApi", "{953D89DF-FDD2-4C1A-6A43-6326114B13B5}"
EndProject
Project("{FAE04EC0-301F-11D3-BF4B-00C04F79EFBC}") = "SapDataSync.WebApi", "src\WebApi\SapDataSync.WebApi.csproj", "{077FDDBC-6A7E-4DFF-AC81-5D5CE581DC60}"
EndProject
Project("{2150E333-8FDC-42A3-9474-1A3956D46DE8}") = "Importer", "Importer", "{788ED87E-FC8A-4598-9A3F-A73F831C76EC}"
EndProject
Project("{FAE04EC0-301F-11D3-BF4B-00C04F79EFBC}") = "SapDataSync.Importer", "src\Importer\SapDataSync.Importer.csproj", "{AA0ECCC5-FC89-40B5-8A59-5DE971C4FC7B}"
EndProject
Project("{2150E333-8FDC-42A3-9474-1A3956D46DE8}") = "Launcher", "Launcher", "{91C8C8E2-FCC0-496B-8567-38A00592915B}"
EndProject
Project("{FAE04EC0-301F-11D3-BF4B-00C04F79EFBC}") = "SapDataSync.Launcher", "src\Launcher\SapDataSync.Launcher.csproj", "{D846D01A-82E8-4FEB-99F8-987ECA9E2140}"
EndProject
Global
	GlobalSection(SolutionConfigurationPlatforms) = preSolution
		Debug|Any CPU = Debug|Any CPU
		Debug|x64 = Debug|x64
		Debug|x86 = Debug|x86
		Release|Any CPU = Release|Any CPU
		Release|x64 = Release|x64
		Release|x86 = Release|x86
	EndGlobalSection
	GlobalSection(ProjectConfigurationPlatforms) = postSolution
		{077FDDBC-6A7E-4DFF-AC81-5D5CE581DC60}.Debug|Any CPU.ActiveCfg = Debug|Any CPU
		{077FDDBC-6A7E-4DFF-AC81-5D5CE581DC60}.Debug|Any CPU.Build.0 = Debug|Any CPU
		{077FDDBC-6A7E-4DFF-AC81-5D5CE581DC60}.Debug|x64.ActiveCfg = Debug|Any CPU
		{077FDDBC-6A7E-4DFF-AC81-5D5CE581DC60}.Debug|x64.Build.0 = Debug|Any CPU
		{077FDDBC-6A7E-4DFF-AC81-5D5CE581DC60}.Debug|x86.ActiveCfg = Debug|Any CPU
		{077FDDBC-6A7E-4DFF-AC81-5D5CE581DC60}.Debug|x86.Build.0 = Debug|Any CPU
		{077FDDBC-6A7E-4DFF-AC81-5D5CE581DC60}.Release|Any CPU.ActiveCfg = Release|Any CPU
		{077FDDBC-6A7E-4DFF-AC81-5D5CE581DC60}.Release|Any CPU.Build.0 = Release|Any CPU
		{077FDDBC-6A7E-4DFF-AC81-5D5CE581DC60}.Release|x64.ActiveCfg = Release|Any CPU
		{077FDDBC-6A7E-4DFF-AC81-5D5CE581DC60}.Release|x64.Build.0 = Release|Any CPU
		{077FDDBC-6A7E-4DFF-AC81-5D5CE581DC60}.Release|x86.ActiveCfg = Release|Any CPU
		{077FDDBC-6A7E-4DFF-AC81-5D5CE581DC60}.Release|x86.Build.0 = Release|Any CPU
		{AA0ECCC5-FC89-40B5-8A59-5DE971C4FC7B}.Debug|Any CPU.ActiveCfg = Debug|Any CPU
		{AA0ECCC5-FC89-40B5-8A59-5DE971C4FC7B}.Debug|Any CPU.Build.0 = Debug|Any CPU
		{AA0ECCC5-FC89-40B5-8A59-5DE971C4FC7B}.Debug|x64.ActiveCfg = Debug|Any CPU
		{AA0ECCC5-FC89-40B5-8A59-5DE971C4FC7B}.Debug|x64.Build.0 = Debug|Any CPU
		{AA0ECCC5-FC89-40B5-8A59-5DE971C4FC7B}.Debug|x86.ActiveCfg = Debug|Any CPU
		{AA0ECCC5-FC89-40B5-8A59-5DE971C4FC7B}.Debug|x86.Build.0 = Debug|Any CPU
		{AA0ECCC5-FC89-40B5-8A59-5DE971C4FC7B}.Release|Any CPU.ActiveCfg = Release|Any CPU
		{AA0ECCC5-FC89-40B5-8A59-5DE971C4FC7B}.Release|Any CPU.Build.0 = Release|Any CPU
		{AA0ECCC5-FC89-40B5-8A59-5DE971C4FC7B}.Release|x64.ActiveCfg = Release|Any CPU
		{AA0ECCC5-FC89-40B5-8A59-5DE971C4FC7B}.Release|x64.Build.0 = Release|Any CPU
		{AA0ECCC5-FC89-40B5-8A59-5DE971C4FC7B}.Release|x86.ActiveCfg = Release|Any CPU
		{AA0ECCC5-FC89-40B5-8A59-5DE971C4FC7B}.Release|x86.Build.0 = Release|Any CPU
		{D846D01A-82E8-4FEB-99F8-987ECA9E2140}.Debug|Any CPU.ActiveCfg = Debug|Any CPU
		{D846D01A-82E8-4FEB-99F8-987ECA9E2140}.Debug|Any CPU.Build.0 = Debug|Any CPU
		{D846D01A-82E8-4FEB-99F8-987ECA9E2140}.Debug|x64.ActiveCfg = Debug|Any CPU
		{D846D01A-82E8-4FEB-99F8-987ECA9E2140}.Debug|x64.Build.0 = Debug|Any CPU
		{D846D01A-82E8-4FEB-99F8-987ECA9E2140}.Debug|x86.ActiveCfg = Debug|Any CPU
		{D846D01A-82E8-4FEB-99F8-987ECA9E2140}.Debug|x86.Build.0 = Debug|Any CPU
		{D846D01A-82E8-4FEB-99F8-987ECA9E2140}.Release|Any CPU.ActiveCfg = Release|Any CPU
		{D846D01A-82E8-4FEB-99F8-987ECA9E2140}.Release|Any CPU.Build.0 = Release|Any CPU
		{D846D01A-82E8-4FEB-99F8-987ECA9E2140}.Release|x64.ActiveCfg = Release|Any CPU
		{D846D01A-82E8-4FEB-99F8-987ECA9E2140}.Release|x64.Build.0 = Release|Any CPU
		{D846D01A-82E8-4FEB-99F8-987ECA9E2140}.Release|x86.ActiveCfg = Release|Any CPU
		{D846D01A-82E8-4FEB-99F8-987ECA9E2140}.Release|x86.Build.0 = Release|Any CPU
	EndGlobalSection
	GlobalSection(SolutionProperties) = preSolution
		HideSolutionNode = FALSE
	EndGlobalSection
	GlobalSection(NestedProjects) = preSolution
		{953D89DF-FDD2-4C1A-6A43-6326114B13B5} = {827E0CD3-B72D-47B6-A68D-7590B98EB39B}
		{077FDDBC-6A7E-4DFF-AC81-5D5CE581DC60} = {953D89DF-FDD2-4C1A-6A43-6326114B13B5}
		{788ED87E-FC8A-4598-9A3F-A73F831C76EC} = {827E0CD3-B72D-47B6-A68D-7590B98EB39B}
		{AA0ECCC5-FC89-40B5-8A59-5DE971C4FC7B} = {788ED87E-FC8A-4598-9A3F-A73F831C76EC}
		{91C8C8E2-FCC0-496B-8567-38A00592915B} = {827E0CD3-B72D-47B6-A68D-7590B98EB39B}
		{D846D01A-82E8-4FEB-99F8-987ECA9E2140} = {91C8C8E2-FCC0-496B-8567-38A00592915B}
	EndGlobalSection
EndGlobal
